{
  "name": "oh-my-cursor",
  "version": "0.1.0",
  "lockfileVersion": 3,
  "requires": true,
  "packages": {
    "": {
      "name": "oh-my-cursor",
      "version": "0.1.0",
      "bin": {
        "oh-my-cursor": "bin/oh-my-cursor.mjs"
      },
      "engines": {
        "node": ">=18"
      }
    }
  }
}
